
Microsoft Visual Studio Solution File, Format Version 12.00
# Visual Studio Version 16
VisualStudioVersion = 16.0.29306.81
MinimumVisualStudioVersion = 10.0.40219.1
Project("{8BC9CEB8-8B4A-11D0-8D11-00A0C91BC942}") = "5st_1", "5st_1.vcxproj", "{6975B6B4-2380-4222-9F66-42DB95E92C5C}"
EndProject
Global
	GlobalSection(SolutionConfigurationPlatforms) = preSolution
		Debug|x64 = Debug|x64
		Debug|x86 = Debug|x86
		Release|x64 = Release|x64
		Release|x86 = Release|x86
	EndGlobalSection
	GlobalSection(ProjectConfigurationPlatforms) = postSolution
		{6975B6B4-2380-4222-9F66-42DB95E92C5C}.Debug|x64.ActiveCfg = Debug|x64
		{6975B6B4-2380-4222-9F66-42DB95E92C5C}.Debug|x64.Build.0 = Debug|x64
		{6975B6B4-2380-4222-9F66-42DB95E92C5C}.Debug|x86.ActiveCfg = Debug|Win32
		{6975B6B4-2380-4222-9F66-42DB95E92C5C}.Debug|x86.Build.0 = Debug|Win32
		{6975B6B4-2380-4222-9F66-42DB95E92C5C}.Release|x64.ActiveCfg = Release|x64
		{6975B6B4-2380-4222-9F66-42DB95E92C5C}.Release|x64.Build.0 = Release|x64
		{6975B6B4-2380-4222-9F66-42DB95E92C5C}.Release|x86.ActiveCfg = Release|Win32
		{6975B6B4-2380-4222-9F66-42DB95E92C5C}.Release|x86.Build.0 = Release|Win32
	EndGlobalSection
	GlobalSection(SolutionProperties) = preSolution
		HideSolutionNode = FALSE
	EndGlobalSection
	GlobalSection(ExtensibilityGlobals) = postSolution
		SolutionGuid = {F70AD354-46A2-4AAE-A869-96D39435533A}
	EndGlobalSection
EndGlobal
