
Microsoft Visual Studio Solution File, Format Version 12.00
# Visual Studio Version 16
VisualStudioVersion = 16.0.29519.87
MinimumVisualStudioVersion = 10.0.40219.1
Project("{8BC9CEB8-8B4A-11D0-8D11-00A0C91BC942}") = "Step5", "Step5.vcxproj", "{C10CF1A0-DE82-4D25-B6A7-C1B11811CC2E}"
EndProject
Global
	GlobalSection(SolutionConfigurationPlatforms) = preSolution
		Debug|x64 = Debug|x64
		Debug|x86 = Debug|x86
		Release|x64 = Release|x64
		Release|x86 = Release|x86
	EndGlobalSection
	GlobalSection(ProjectConfigurationPlatforms) = postSolution
		{C10CF1A0-DE82-4D25-B6A7-C1B11811CC2E}.Debug|x64.ActiveCfg = Debug|x64
		{C10CF1A0-DE82-4D25-B6A7-C1B11811CC2E}.Debug|x64.Build.0 = Debug|x64
		{C10CF1A0-DE82-4D25-B6A7-C1B11811CC2E}.Debug|x86.ActiveCfg = Debug|Win32
		{C10CF1A0-DE82-4D25-B6A7-C1B11811CC2E}.Debug|x86.Build.0 = Debug|Win32
		{C10CF1A0-DE82-4D25-B6A7-C1B11811CC2E}.Release|x64.ActiveCfg = Release|x64
		{C10CF1A0-DE82-4D25-B6A7-C1B11811CC2E}.Release|x64.Build.0 = Release|x64
		{C10CF1A0-DE82-4D25-B6A7-C1B11811CC2E}.Release|x86.ActiveCfg = Release|Win32
		{C10CF1A0-DE82-4D25-B6A7-C1B11811CC2E}.Release|x86.Build.0 = Release|Win32
	EndGlobalSection
	GlobalSection(SolutionProperties) = preSolution
		HideSolutionNode = FALSE
	EndGlobalSection
	GlobalSection(ExtensibilityGlobals) = postSolution
		SolutionGuid = {39FAEA23-7D3C-47C0-BF12-57232DBDC7A0}
	EndGlobalSection
EndGlobal
